// !$*UTF8*$!
{
	archiveVersion = 1;
	classes = {
	};
	objectVersion = 50;
	objects = {

/* Begin PBXBuildFile section */
		7B400DAAB2F917417E165201 /* libPods-CHGAdapter.a in Frameworks */ = {isa = PBXBuildFile; fileRef = EC09ED455D43E832A8ACE449 /* libPods-CHGAdapter.a */; };
		8F0EF9A0210EA6FA00186E4C /* UITableView+CHGSimpleTableViewAdapter.m in Sources */ = {isa = PBXBuildFile; fileRef = 8F0EF99F210EA6FA00186E4C /* UITableView+CHGSimpleTableViewAdapter.m */; };
		8F45862B20AAA3C500C5C136 /* CollectionViewViewController.m in Sources */ = {isa = PBXBuildFile; fileRef = 8F45862920AAA3C500C5C136 /* CollectionViewViewController.m */; };
		8F45862C20AAA3C500C5C136 /* CollectionViewViewController.xib in Resources */ = {isa = PBXBuildFile; fileRef = 8F45862A20AAA3C500C5C136 /* CollectionViewViewController.xib */; };
		8F45862F20AAA75F00C5C136 /* CHGCollectionViewCell.m in Sources */ = {isa = PBXBuildFile; fileRef = 8F45862E20AAA75F00C5C136 /* CHGCollectionViewCell.m */; };
		8F45863520AAA8B700C5C136 /* SampleCollectionViewCell.m in Sources */ = {isa = PBXBuildFile; fileRef = 8F45863320AAA8B700C5C136 /* SampleCollectionViewCell.m */; };
		8F45863620AAA8B700C5C136 /* SampleCollectionViewCell.xib in Resources */ = {isa = PBXBuildFile; fileRef = 8F45863420AAA8B700C5C136 /* SampleCollectionViewCell.xib */; };
		8F45863920AAC0B000C5C136 /* CHGCollectionReusableView.m in Sources */ = {isa = PBXBuildFile; fileRef = 8F45863820AAC0B000C5C136 /* CHGCollectionReusableView.m */; };
		8F45864320AAC84C00C5C136 /* SampleHeaderCollectionReusableView.m in Sources */ = {isa = PBXBuildFile; fileRef = 8F45864120AAC84C00C5C136 /* SampleHeaderCollectionReusableView.m */; };
		8F45864420AAC84C00C5C136 /* SampleHeaderCollectionReusableView.xib in Resources */ = {isa = PBXBuildFile; fileRef = 8F45864220AAC84C00C5C136 /* SampleHeaderCollectionReusableView.xib */; };
		8F45864820AACB9200C5C136 /* Sample1CollectionViewCell.m in Sources */ = {isa = PBXBuildFile; fileRef = 8F45864620AACB9200C5C136 /* Sample1CollectionViewCell.m */; };
		8F45864920AACB9200C5C136 /* Sample1CollectionViewCell.xib in Resources */ = {isa = PBXBuildFile; fileRef = 8F45864720AACB9200C5C136 /* Sample1CollectionViewCell.xib */; };
		8F45864D20AACC7400C5C136 /* TestCollectionAdapter.m in Sources */ = {isa = PBXBuildFile; fileRef = 8F45864C20AACC7400C5C136 /* TestCollectionAdapter.m */; };
		8F45865120AADF0E00C5C136 /* SampleLayout.m in Sources */ = {isa = PBXBuildFile; fileRef = 8F45865020AADF0E00C5C136 /* SampleLayout.m */; };
		8F45865920AAF5AE00C5C136 /* Sample2CollectionViewCell.m in Sources */ = {isa = PBXBuildFile; fileRef = 8F45865820AAF5AE00C5C136 /* Sample2CollectionViewCell.m */; };
		8F78F664210BF9030044BD1B /* CHGSimpleTableViewAdapter.m in Sources */ = {isa = PBXBuildFile; fileRef = 8F78F663210BF9030044BD1B /* CHGSimpleTableViewAdapter.m */; };
		8F78F66C210C01F50044BD1B /* SimpleAdapterViewController.m in Sources */ = {isa = PBXBuildFile; fileRef = 8F78F66A210C01F50044BD1B /* SimpleAdapterViewController.m */; };
		8F78F66D210C01F50044BD1B /* SimpleAdapterViewController.xib in Resources */ = {isa = PBXBuildFile; fileRef = 8F78F66B210C01F50044BD1B /* SimpleAdapterViewController.xib */; };
		8F78F678210C03650044BD1B /* AddressNoSelectTableViewCell.m in Sources */ = {isa = PBXBuildFile; fileRef = 8F78F676210C03650044BD1B /* AddressNoSelectTableViewCell.m */; };
		8F78F679210C03650044BD1B /* AddressNoSelectTableViewCell.xib in Resources */ = {isa = PBXBuildFile; fileRef = 8F78F677210C03650044BD1B /* AddressNoSelectTableViewCell.xib */; };
		8F78F67C210C037C0044BD1B /* AddressNoSelectModel.m in Sources */ = {isa = PBXBuildFile; fileRef = 8F78F67B210C037C0044BD1B /* AddressNoSelectModel.m */; };
		8F78F680210C04440044BD1B /* AddressSelectedTableViewCell.m in Sources */ = {isa = PBXBuildFile; fileRef = 8F78F67E210C04440044BD1B /* AddressSelectedTableViewCell.m */; };
		8F78F681210C04440044BD1B /* AddressSelectedTableViewCell.xib in Resources */ = {isa = PBXBuildFile; fileRef = 8F78F67F210C04440044BD1B /* AddressSelectedTableViewCell.xib */; };
		8F78F684210C07530044BD1B /* HeaderModel.m in Sources */ = {isa = PBXBuildFile; fileRef = 8F78F683210C07530044BD1B /* HeaderModel.m */; };
		8F78F687210C07630044BD1B /* FooterModel.m in Sources */ = {isa = PBXBuildFile; fileRef = 8F78F686210C07630044BD1B /* FooterModel.m */; };
		8F78F68A210C08720044BD1B /* FooterView.m in Sources */ = {isa = PBXBuildFile; fileRef = 8F78F689210C08720044BD1B /* FooterView.m */; };
		8F78F68C210C08820044BD1B /* FooterView.xib in Resources */ = {isa = PBXBuildFile; fileRef = 8F78F68B210C08820044BD1B /* FooterView.xib */; };
		8F78F68F210C093C0044BD1B /* HeaderView.m in Sources */ = {isa = PBXBuildFile; fileRef = 8F78F68E210C093C0044BD1B /* HeaderView.m */; };
		8F78F691210C09470044BD1B /* HeaderView.xib in Resources */ = {isa = PBXBuildFile; fileRef = 8F78F690210C09470044BD1B /* HeaderView.xib */; };
		8FAB167920A96AE900696281 /* MenuViewController.xib in Resources */ = {isa = PBXBuildFile; fileRef = 8FAB163A20A96AE800696281 /* MenuViewController.xib */; };
		8FAB167A20A96AE900696281 /* MenuViewController.m in Sources */ = {isa = PBXBuildFile; fileRef = 8FAB163B20A96AE800696281 /* MenuViewController.m */; };
		8FAB167B20A96AE900696281 /* TitleTableViewCell.xib in Resources */ = {isa = PBXBuildFile; fileRef = 8FAB163E20A96AE800696281 /* TitleTableViewCell.xib */; };
		8FAB167C20A96AE900696281 /* TitleTableViewCell.m in Sources */ = {isa = PBXBuildFile; fileRef = 8FAB163F20A96AE800696281 /* TitleTableViewCell.m */; };
		8FAB167D20A96AE900696281 /* OneButtonTableViewCell.xib in Resources */ = {isa = PBXBuildFile; fileRef = 8FAB164320A96AE800696281 /* OneButtonTableViewCell.xib */; };
		8FAB167E20A96AE900696281 /* OneButtonTableViewCell.m in Sources */ = {isa = PBXBuildFile; fileRef = 8FAB164420A96AE800696281 /* OneButtonTableViewCell.m */; };
		8FAB167F20A96AE900696281 /* OneTextFieldHeaderFooterView.xib in Resources */ = {isa = PBXBuildFile; fileRef = 8FAB164720A96AE800696281 /* OneTextFieldHeaderFooterView.xib */; };
		8FAB168020A96AE900696281 /* OneTextFieldHeaderFooterView.m in Sources */ = {isa = PBXBuildFile; fileRef = 8FAB164820A96AE800696281 /* OneTextFieldHeaderFooterView.m */; };
		8FAB168120A96AE900696281 /* EventTransmissionViewController.xib in Resources */ = {isa = PBXBuildFile; fileRef = 8FAB164B20A96AE800696281 /* EventTransmissionViewController.xib */; };
		8FAB168220A96AE900696281 /* EventTransmissionViewController.m in Sources */ = {isa = PBXBuildFile; fileRef = 8FAB164C20A96AE800696281 /* EventTransmissionViewController.m */; };
		8FAB168320A96AE900696281 /* CustomAdapter.m in Sources */ = {isa = PBXBuildFile; fileRef = 8FAB164F20A96AE900696281 /* CustomAdapter.m */; };
		8FAB168420A96AE900696281 /* Style2TableViewCell.xib in Resources */ = {isa = PBXBuildFile; fileRef = 8FAB165420A96AE900696281 /* Style2TableViewCell.xib */; };
		8FAB168520A96AE900696281 /* Style1TableViewCell.m in Sources */ = {isa = PBXBuildFile; fileRef = 8FAB165520A96AE900696281 /* Style1TableViewCell.m */; };
		8FAB168620A96AE900696281 /* Style1TableViewCell.xib in Resources */ = {isa = PBXBuildFile; fileRef = 8FAB165620A96AE900696281 /* Style1TableViewCell.xib */; };
		8FAB168720A96AE900696281 /* Style2TableViewCell.m in Sources */ = {isa = PBXBuildFile; fileRef = 8FAB165720A96AE900696281 /* Style2TableViewCell.m */; };
		8FAB168820A96AE900696281 /* MultipleViewController.m in Sources */ = {isa = PBXBuildFile; fileRef = 8FAB165A20A96AE900696281 /* MultipleViewController.m */; };
		8FAB168920A96AE900696281 /* MultipleViewController.xib in Resources */ = {isa = PBXBuildFile; fileRef = 8FAB165B20A96AE900696281 /* MultipleViewController.xib */; };
		8FAB168A20A96AE900696281 /* SimpleTableViewCell.xib in Resources */ = {isa = PBXBuildFile; fileRef = 8FAB166020A96AE900696281 /* SimpleTableViewCell.xib */; };
		8FAB168B20A96AE900696281 /* SimpleTableViewCell.m in Sources */ = {isa = PBXBuildFile; fileRef = 8FAB166120A96AE900696281 /* SimpleTableViewCell.m */; };
		8FAB168C20A96AE900696281 /* SampleTableViewHeaderFooterView.xib in Resources */ = {isa = PBXBuildFile; fileRef = 8FAB166420A96AE900696281 /* SampleTableViewHeaderFooterView.xib */; };
		8FAB168D20A96AE900696281 /* SampleTableViewHeaderFooterView.m in Sources */ = {isa = PBXBuildFile; fileRef = 8FAB166520A96AE900696281 /* SampleTableViewHeaderFooterView.m */; };
		8FAB168E20A96AE900696281 /* ViewController.xib in Resources */ = {isa = PBXBuildFile; fileRef = 8FAB166720A96AE900696281 /* ViewController.xib */; };
		8FAB168F20A96AE900696281 /* ViewController.m in Sources */ = {isa = PBXBuildFile; fileRef = 8FAB166820A96AE900696281 /* ViewController.m */; };
		8FAB169020A96AE900696281 /* RecordAdapter.m in Sources */ = {isa = PBXBuildFile; fileRef = 8FAB166D20A96AE900696281 /* RecordAdapter.m */; };
		8FAB169120A96AE900696281 /* RecordInputDataViewController.xib in Resources */ = {isa = PBXBuildFile; fileRef = 8FAB167020A96AE900696281 /* RecordInputDataViewController.xib */; };
		8FAB169220A96AE900696281 /* RecordInputDataViewController.m in Sources */ = {isa = PBXBuildFile; fileRef = 8FAB167120A96AE900696281 /* RecordInputDataViewController.m */; };
		8FAB169320A96AE900696281 /* RecordSwitchTableViewCell.m in Sources */ = {isa = PBXBuildFile; fileRef = 8FAB167320A96AE900696281 /* RecordSwitchTableViewCell.m */; };
		8FAB169420A96AE900696281 /* RecordTableViewCell.m in Sources */ = {isa = PBXBuildFile; fileRef = 8FAB167420A96AE900696281 /* RecordTableViewCell.m */; };
		8FAB169520A96AE900696281 /* RecordTableViewCell.xib in Resources */ = {isa = PBXBuildFile; fileRef = 8FAB167520A96AE900696281 /* RecordTableViewCell.xib */; };
		8FAB169620A96AE900696281 /* RecordSwitchTableViewCell.xib in Resources */ = {isa = PBXBuildFile; fileRef = 8FAB167620A96AE900696281 /* RecordSwitchTableViewCell.xib */; };
		8FAB169C20A9940F00696281 /* CHGCollectionViewAdapter.m in Sources */ = {isa = PBXBuildFile; fileRef = 8FAB169B20A9940F00696281 /* CHGCollectionViewAdapter.m */; };
		8FAB16A020A9956400696281 /* CHGCollectionViewAdapterData.m in Sources */ = {isa = PBXBuildFile; fileRef = 8FAB169F20A9956400696281 /* CHGCollectionViewAdapterData.m */; };
		8FAB16A420A9963F00696281 /* UICollectionView+CHGCollectionViewAdapter.m in Sources */ = {isa = PBXBuildFile; fileRef = 8FAB16A320A9963F00696281 /* UICollectionView+CHGCollectionViewAdapter.m */; };
		8FAB16A820A9A4D900696281 /* CHGCollectionViewEmptyDataShow.m in Sources */ = {isa = PBXBuildFile; fileRef = 8FAB16A720A9A4D900696281 /* CHGCollectionViewEmptyDataShow.m */; };
		8FE04AD520A40FFD0038BE0D /* AppDelegate.m in Sources */ = {isa = PBXBuildFile; fileRef = 8FE04AD420A40FFD0038BE0D /* AppDelegate.m */; };
		8FE04ADD20A40FFE0038BE0D /* Assets.xcassets in Resources */ = {isa = PBXBuildFile; fileRef = 8FE04ADC20A40FFE0038BE0D /* Assets.xcassets */; };
		8FE04AE020A40FFE0038BE0D /* LaunchScreen.storyboard in Resources */ = {isa = PBXBuildFile; fileRef = 8FE04ADE20A40FFE0038BE0D /* LaunchScreen.storyboard */; };
		8FE04AE320A40FFE0038BE0D /* main.m in Sources */ = {isa = PBXBuildFile; fileRef = 8FE04AE220A40FFE0038BE0D /* main.m */; };
		8FE04AED20A40FFE0038BE0D /* CHGAdapterTests.m in Sources */ = {isa = PBXBuildFile; fileRef = 8FE04AEC20A40FFE0038BE0D /* CHGAdapterTests.m */; };
		8FE04AF820A40FFF0038BE0D /* CHGAdapterUITests.m in Sources */ = {isa = PBXBuildFile; fileRef = 8FE04AF720A40FFF0038BE0D /* CHGAdapterUITests.m */; };
		8FE94D6720A4187200386F56 /* CHGTableViewAdapter.m in Sources */ = {isa = PBXBuildFile; fileRef = 8FE94D6620A4187200386F56 /* CHGTableViewAdapter.m */; };
		8FE94D6B20A41AC700386F56 /* CHGTableViewAdapterData.m in Sources */ = {isa = PBXBuildFile; fileRef = 8FE94D6A20A41AC700386F56 /* CHGTableViewAdapterData.m */; };
		8FE94D6F20A41F9000386F56 /* CHGTableViewCell.m in Sources */ = {isa = PBXBuildFile; fileRef = 8FE94D6D20A41F9000386F56 /* CHGTableViewCell.m */; };
		8FE94D7920A425C900386F56 /* UITableView+CHGTableViewAdapter.m in Sources */ = {isa = PBXBuildFile; fileRef = 8FE94D7820A425C900386F56 /* UITableView+CHGTableViewAdapter.m */; };
		8FE94D8220A430B500386F56 /* CHGTableViewHeaderFooterView.m in Sources */ = {isa = PBXBuildFile; fileRef = 8FE94D8120A430B500386F56 /* CHGTableViewHeaderFooterView.m */; };
		8FE94D8C20A5915F00386F56 /* CHGTableViewEmptyDataShow.m in Sources */ = {isa = PBXBuildFile; fileRef = 8FE94D8B20A5915F00386F56 /* CHGTableViewEmptyDataShow.m */; };
/* End PBXBuildFile section */

/* Begin PBXContainerItemProxy section */
		8FE04AE920A40FFE0038BE0D /* PBXContainerItemProxy */ = {
			isa = PBXContainerItemProxy;
			containerPortal = 8FE04AC820A40FFD0038BE0D /* Project object */;
			proxyType = 1;
			remoteGlobalIDString = 8FE04ACF20A40FFD0038BE0D;
			remoteInfo = CHGAdapter;
		};
		8FE04AF420A40FFF0038BE0D /* PBXContainerItemProxy */ = {
			isa = PBXContainerItemProxy;
			containerPortal = 8FE04AC820A40FFD0038BE0D /* Project object */;
			proxyType = 1;
			remoteGlobalIDString = 8FE04ACF20A40FFD0038BE0D;
			remoteInfo = CHGAdapter;
		};
/* End PBXContainerItemProxy section */

/* Begin PBXFileReference section */
		425CFC518C2702DFCE0E4C37 /* Pods-CHGAdapter.release.xcconfig */ = {isa = PBXFileReference; includeInIndex = 1; lastKnownFileType = text.xcconfig; name = "Pods-CHGAdapter.release.xcconfig"; path = "Pods/Target Support Files/Pods-CHGAdapter/Pods-CHGAdapter.release.xcconfig"; sourceTree = "<group>"; };
		8F0EF99E210EA6FA00186E4C /* UITableView+CHGSimpleTableViewAdapter.h */ = {isa = PBXFileReference; lastKnownFileType = sourcecode.c.h; path = "UITableView+CHGSimpleTableViewAdapter.h"; sourceTree = "<group>"; };
		8F0EF99F210EA6FA00186E4C /* UITableView+CHGSimpleTableViewAdapter.m */ = {isa = PBXFileReference; lastKnownFileType = sourcecode.c.objc; path = "UITableView+CHGSimpleTableViewAdapter.m"; sourceTree = "<group>"; };
		8F2F9EDC2118651D00DD4946 /* CHGAdapter.h */ = {isa = PBXFileReference; lastKnownFileType = sourcecode.c.h; path = CHGAdapter.h; sourceTree = "<group>"; };
		8F45862820AAA3C500C5C136 /* CollectionViewViewController.h */ = {isa = PBXFileReference; lastKnownFileType = sourcecode.c.h; path = CollectionViewViewController.h; sourceTree = "<group>"; };
		8F45862920AAA3C500C5C136 /* CollectionViewViewController.m */ = {isa = PBXFileReference; lastKnownFileType = sourcecode.c.objc; path = CollectionViewViewController.m; sourceTree = "<group>"; };
		8F45862A20AAA3C500C5C136 /* CollectionViewViewController.xib */ = {isa = PBXFileReference; lastKnownFileType = file.xib; path = CollectionViewViewController.xib; sourceTree = "<group>"; };
		8F45862D20AAA75F00C5C136 /* CHGCollectionViewCell.h */ = {isa = PBXFileReference; lastKnownFileType = sourcecode.c.h; path = CHGCollectionViewCell.h; sourceTree = "<group>"; };
		8F45862E20AAA75F00C5C136 /* CHGCollectionViewCell.m */ = {isa = PBXFileReference; lastKnownFileType = sourcecode.c.objc; path = CHGCollectionViewCell.m; sourceTree = "<group>"; };
		8F45863220AAA8B700C5C136 /* SampleCollectionViewCell.h */ = {isa = PBXFileReference; lastKnownFileType = sourcecode.c.h; path = SampleCollectionViewCell.h; sourceTree = "<group>"; };
		8F45863320AAA8B700C5C136 /* SampleCollectionViewCell.m */ = {isa = PBXFileReference; lastKnownFileType = sourcecode.c.objc; path = SampleCollectionViewCell.m; sourceTree = "<group>"; };
		8F45863420AAA8B700C5C136 /* SampleCollectionViewCell.xib */ = {isa = PBXFileReference; lastKnownFileType = file.xib; path = SampleCollectionViewCell.xib; sourceTree = "<group>"; };
		8F45863720AAC0B000C5C136 /* CHGCollectionReusableView.h */ = {isa = PBXFileReference; lastKnownFileType = sourcecode.c.h; path = CHGCollectionReusableView.h; sourceTree = "<group>"; };
		8F45863820AAC0B000C5C136 /* CHGCollectionReusableView.m */ = {isa = PBXFileReference; lastKnownFileType = sourcecode.c.objc; path = CHGCollectionReusableView.m; sourceTree = "<group>"; };
		8F45864020AAC84C00C5C136 /* SampleHeaderCollectionReusableView.h */ = {isa = PBXFileReference; lastKnownFileType = sourcecode.c.h; path = SampleHeaderCollectionReusableView.h; sourceTree = "<group>"; };
		8F45864120AAC84C00C5C136 /* SampleHeaderCollectionReusableView.m */ = {isa = PBXFileReference; lastKnownFileType = sourcecode.c.objc; path = SampleHeaderCollectionReusableView.m; sourceTree = "<group>"; };
		8F45864220AAC84C00C5C136 /* SampleHeaderCollectionReusableView.xib */ = {isa = PBXFileReference; lastKnownFileType = file.xib; path = SampleHeaderCollectionReusableView.xib; sourceTree = "<group>"; };
		8F45864520AACB9200C5C136 /* Sample1CollectionViewCell.h */ = {isa = PBXFileReference; lastKnownFileType = sourcecode.c.h; path = Sample1CollectionViewCell.h; sourceTree = "<group>"; };
		8F45864620AACB9200C5C136 /* Sample1CollectionViewCell.m */ = {isa = PBXFileReference; lastKnownFileType = sourcecode.c.objc; path = Sample1CollectionViewCell.m; sourceTree = "<group>"; };
		8F45864720AACB9200C5C136 /* Sample1CollectionViewCell.xib */ = {isa = PBXFileReference; lastKnownFileType = file.xib; path = Sample1CollectionViewCell.xib; sourceTree = "<group>"; };
		8F45864B20AACC7400C5C136 /* TestCollectionAdapter.h */ = {isa = PBXFileReference; lastKnownFileType = sourcecode.c.h; path = TestCollectionAdapter.h; sourceTree = "<group>"; };
		8F45864C20AACC7400C5C136 /* TestCollectionAdapter.m */ = {isa = PBXFileReference; lastKnownFileType = sourcecode.c.objc; path = TestCollectionAdapter.m; sourceTree = "<group>"; };
		8F45864F20AADF0E00C5C136 /* SampleLayout.h */ = {isa = PBXFileReference; lastKnownFileType = sourcecode.c.h; path = SampleLayout.h; sourceTree = "<group>"; };
		8F45865020AADF0E00C5C136 /* SampleLayout.m */ = {isa = PBXFileReference; lastKnownFileType = sourcecode.c.objc; path = SampleLayout.m; sourceTree = "<group>"; };
		8F45865720AAF5AE00C5C136 /* Sample2CollectionViewCell.h */ = {isa = PBXFileReference; lastKnownFileType = sourcecode.c.h; path = Sample2CollectionViewCell.h; sourceTree = "<group>"; };
		8F45865820AAF5AE00C5C136 /* Sample2CollectionViewCell.m */ = {isa = PBXFileReference; lastKnownFileType = sourcecode.c.objc; path = Sample2CollectionViewCell.m; sourceTree = "<group>"; };
		8F78F662210BF9030044BD1B /* CHGSimpleTableViewAdapter.h */ = {isa = PBXFileReference; lastKnownFileType = sourcecode.c.h; path = CHGSimpleTableViewAdapter.h; sourceTree = "<group>"; };
		8F78F663210BF9030044BD1B /* CHGSimpleTableViewAdapter.m */ = {isa = PBXFileReference; lastKnownFileType = sourcecode.c.objc; path = CHGSimpleTableViewAdapter.m; sourceTree = "<group>"; };
		8F78F669210C01F50044BD1B /* SimpleAdapterViewController.h */ = {isa = PBXFileReference; lastKnownFileType = sourcecode.c.h; path = SimpleAdapterViewController.h; sourceTree = "<group>"; };
		8F78F66A210C01F50044BD1B /* SimpleAdapterViewController.m */ = {isa = PBXFileReference; lastKnownFileType = sourcecode.c.objc; path = SimpleAdapterViewController.m; sourceTree = "<group>"; };
		8F78F66B210C01F50044BD1B /* SimpleAdapterViewController.xib */ = {isa = PBXFileReference; lastKnownFileType = file.xib; path = SimpleAdapterViewController.xib; sourceTree = "<group>"; };
		8F78F675210C03650044BD1B /* AddressNoSelectTableViewCell.h */ = {isa = PBXFileReference; lastKnownFileType = sourcecode.c.h; path = AddressNoSelectTableViewCell.h; sourceTree = "<group>"; };
		8F78F676210C03650044BD1B /* AddressNoSelectTableViewCell.m */ = {isa = PBXFileReference; lastKnownFileType = sourcecode.c.objc; path = AddressNoSelectTableViewCell.m; sourceTree = "<group>"; };
		8F78F677210C03650044BD1B /* AddressNoSelectTableViewCell.xib */ = {isa = PBXFileReference; lastKnownFileType = file.xib; path = AddressNoSelectTableViewCell.xib; sourceTree = "<group>"; };
		8F78F67A210C037C0044BD1B /* AddressNoSelectModel.h */ = {isa = PBXFileReference; lastKnownFileType = sourcecode.c.h; path = AddressNoSelectModel.h; sourceTree = "<group>"; };
		8F78F67B210C037C0044BD1B /* AddressNoSelectModel.m */ = {isa = PBXFileReference; lastKnownFileType = sourcecode.c.objc; path = AddressNoSelectModel.m; sourceTree = "<group>"; };
		8F78F67D210C04440044BD1B /* AddressSelectedTableViewCell.h */ = {isa = PBXFileReference; lastKnownFileType = sourcecode.c.h; path = AddressSelectedTableViewCell.h; sourceTree = "<group>"; };
		8F78F67E210C04440044BD1B /* AddressSelectedTableViewCell.m */ = {isa = PBXFileReference; lastKnownFileType = sourcecode.c.objc; path = AddressSelectedTableViewCell.m; sourceTree = "<group>"; };
		8F78F67F210C04440044BD1B /* AddressSelectedTableViewCell.xib */ = {isa = PBXFileReference; lastKnownFileType = file.xib; path = AddressSelectedTableViewCell.xib; sourceTree = "<group>"; };
		8F78F682210C07530044BD1B /* HeaderModel.h */ = {isa = PBXFileReference; lastKnownFileType = sourcecode.c.h; path = HeaderModel.h; sourceTree = "<group>"; };
		8F78F683210C07530044BD1B /* HeaderModel.m */ = {isa = PBXFileReference; lastKnownFileType = sourcecode.c.objc; path = HeaderModel.m; sourceTree = "<group>"; };
		8F78F685210C07630044BD1B /* FooterModel.h */ = {isa = PBXFileReference; lastKnownFileType = sourcecode.c.h; path = FooterModel.h; sourceTree = "<group>"; };
		8F78F686210C07630044BD1B /* FooterModel.m */ = {isa = PBXFileReference; lastKnownFileType = sourcecode.c.objc; path = FooterModel.m; sourceTree = "<group>"; };
		8F78F688210C08720044BD1B /* FooterView.h */ = {isa = PBXFileReference; lastKnownFileType = sourcecode.c.h; path = FooterView.h; sourceTree = "<group>"; };
		8F78F689210C08720044BD1B /* FooterView.m */ = {isa = PBXFileReference; lastKnownFileType = sourcecode.c.objc; path = FooterView.m; sourceTree = "<group>"; };
		8F78F68B210C08820044BD1B /* FooterView.xib */ = {isa = PBXFileReference; lastKnownFileType = file.xib; path = FooterView.xib; sourceTree = "<group>"; };
		8F78F68D210C093C0044BD1B /* HeaderView.h */ = {isa = PBXFileReference; lastKnownFileType = sourcecode.c.h; path = HeaderView.h; sourceTree = "<group>"; };
		8F78F68E210C093C0044BD1B /* HeaderView.m */ = {isa = PBXFileReference; lastKnownFileType = sourcecode.c.objc; path = HeaderView.m; sourceTree = "<group>"; };
		8F78F690210C09470044BD1B /* HeaderView.xib */ = {isa = PBXFileReference; lastKnownFileType = file.xib; path = HeaderView.xib; sourceTree = "<group>"; };
		8FAB163920A96AE800696281 /* MenuViewController.h */ = {isa = PBXFileReference; fileEncoding = 4; lastKnownFileType = sourcecode.c.h; path = MenuViewController.h; sourceTree = "<group>"; };
		8FAB163A20A96AE800696281 /* MenuViewController.xib */ = {isa = PBXFileReference; fileEncoding = 4; lastKnownFileType = file.xib; path = MenuViewController.xib; sourceTree = "<group>"; };
		8FAB163B20A96AE800696281 /* MenuViewController.m */ = {isa = PBXFileReference; fileEncoding = 4; lastKnownFileType = sourcecode.c.objc; path = MenuViewController.m; sourceTree = "<group>"; };
		8FAB163D20A96AE800696281 /* TitleTableViewCell.h */ = {isa = PBXFileReference; fileEncoding = 4; lastKnownFileType = sourcecode.c.h; path = TitleTableViewCell.h; sourceTree = "<group>"; };
		8FAB163E20A96AE800696281 /* TitleTableViewCell.xib */ = {isa = PBXFileReference; fileEncoding = 4; lastKnownFileType = file.xib; path = TitleTableViewCell.xib; sourceTree = "<group>"; };
		8FAB163F20A96AE800696281 /* TitleTableViewCell.m */ = {isa = PBXFileReference; fileEncoding = 4; lastKnownFileType = sourcecode.c.objc; path = TitleTableViewCell.m; sourceTree = "<group>"; };
		8FAB164220A96AE800696281 /* OneButtonTableViewCell.h */ = {isa = PBXFileReference; fileEncoding = 4; lastKnownFileType = sourcecode.c.h; path = OneButtonTableViewCell.h; sourceTree = "<group>"; };
		8FAB164320A96AE800696281 /* OneButtonTableViewCell.xib */ = {isa = PBXFileReference; fileEncoding = 4; lastKnownFileType = file.xib; path = OneButtonTableViewCell.xib; sourceTree = "<group>"; };
		8FAB164420A96AE800696281 /* OneButtonTableViewCell.m */ = {isa = PBXFileReference; fileEncoding = 4; lastKnownFileType = sourcecode.c.objc; path = OneButtonTableViewCell.m; sourceTree = "<group>"; };
		8FAB164620A96AE800696281 /* OneTextFieldHeaderFooterView.h */ = {isa = PBXFileReference; fileEncoding = 4; lastKnownFileType = sourcecode.c.h; path = OneTextFieldHeaderFooterView.h; sourceTree = "<group>"; };
		8FAB164720A96AE800696281 /* OneTextFieldHeaderFooterView.xib */ = {isa = PBXFileReference; fileEncoding = 4; lastKnownFileType = file.xib; path = OneTextFieldHeaderFooterView.xib; sourceTree = "<group>"; };
		8FAB164820A96AE800696281 /* OneTextFieldHeaderFooterView.m */ = {isa = PBXFileReference; fileEncoding = 4; lastKnownFileType = sourcecode.c.objc; path = OneTextFieldHeaderFooterView.m; sourceTree = "<group>"; };
		8FAB164A20A96AE800696281 /* EventTransmissionViewController.h */ = {isa = PBXFileReference; fileEncoding = 4; lastKnownFileType = sourcecode.c.h; path = EventTransmissionViewController.h; sourceTree = "<group>"; };
		8FAB164B20A96AE800696281 /* EventTransmissionViewController.xib */ = {isa = PBXFileReference; fileEncoding = 4; lastKnownFileType = file.xib; path = EventTransmissionViewController.xib; sourceTree = "<group>"; };
		8FAB164C20A96AE800696281 /* EventTransmissionViewController.m */ = {isa = PBXFileReference; fileEncoding = 4; lastKnownFileType = sourcecode.c.objc; path = EventTransmissionViewController.m; sourceTree = "<group>"; };
		8FAB164F20A96AE900696281 /* CustomAdapter.m */ = {isa = PBXFileReference; fileEncoding = 4; lastKnownFileType = sourcecode.c.objc; path = CustomAdapter.m; sourceTree = "<group>"; };
		8FAB165020A96AE900696281 /* CustomAdapter.h */ = {isa = PBXFileReference; fileEncoding = 4; lastKnownFileType = sourcecode.c.h; path = CustomAdapter.h; sourceTree = "<group>"; };
		8FAB165220A96AE900696281 /* Style1TableViewCell.h */ = {isa = PBXFileReference; fileEncoding = 4; lastKnownFileType = sourcecode.c.h; path = Style1TableViewCell.h; sourceTree = "<group>"; };
		8FAB165320A96AE900696281 /* Style2TableViewCell.h */ = {isa = PBXFileReference; fileEncoding = 4; lastKnownFileType = sourcecode.c.h; path = Style2TableViewCell.h; sourceTree = "<group>"; };
		8FAB165420A96AE900696281 /* Style2TableViewCell.xib */ = {isa = PBXFileReference; fileEncoding = 4; lastKnownFileType = file.xib; path = Style2TableViewCell.xib; sourceTree = "<group>"; };
		8FAB165520A96AE900696281 /* Style1TableViewCell.m */ = {isa = PBXFileReference; fileEncoding = 4; lastKnownFileType = sourcecode.c.objc; path = Style1TableViewCell.m; sourceTree = "<group>"; };
		8FAB165620A96AE900696281 /* Style1TableViewCell.xib */ = {isa = PBXFileReference; fileEncoding = 4; lastKnownFileType = file.xib; path = Style1TableViewCell.xib; sourceTree = "<group>"; };
		8FAB165720A96AE900696281 /* Style2TableViewCell.m */ = {isa = PBXFileReference; fileEncoding = 4; lastKnownFileType = sourcecode.c.objc; path = Style2TableViewCell.m; sourceTree = "<group>"; };
		8FAB165A20A96AE900696281 /* MultipleViewController.m */ = {isa = PBXFileReference; fileEncoding = 4; lastKnownFileType = sourcecode.c.objc; path = MultipleViewController.m; sourceTree = "<group>"; };
		8FAB165B20A96AE900696281 /* MultipleViewController.xib */ = {isa = PBXFileReference; fileEncoding = 4; lastKnownFileType = file.xib; path = MultipleViewController.xib; sourceTree = "<group>"; };
		8FAB165C20A96AE900696281 /* MultipleViewController.h */ = {isa = PBXFileReference; fileEncoding = 4; lastKnownFileType = sourcecode.c.h; path = MultipleViewController.h; sourceTree = "<group>"; };
		8FAB165F20A96AE900696281 /* SimpleTableViewCell.h */ = {isa = PBXFileReference; fileEncoding = 4; lastKnownFileType = sourcecode.c.h; path = SimpleTableViewCell.h; sourceTree = "<group>"; };
		8FAB166020A96AE900696281 /* SimpleTableViewCell.xib */ = {isa = PBXFileReference; fileEncoding = 4; lastKnownFileType = file.xib; path = SimpleTableViewCell.xib; sourceTree = "<group>"; };
		8FAB166120A96AE900696281 /* SimpleTableViewCell.m */ = {isa = PBXFileReference; fileEncoding = 4; lastKnownFileType = sourcecode.c.objc; path = SimpleTableViewCell.m; sourceTree = "<group>"; };
		8FAB166320A96AE900696281 /* SampleTableViewHeaderFooterView.h */ = {isa = PBXFileReference; fileEncoding = 4; lastKnownFileType = sourcecode.c.h; path = SampleTableViewHeaderFooterView.h; sourceTree = "<group>"; };
		8FAB166420A96AE900696281 /* SampleTableViewHeaderFooterView.xib */ = {isa = PBXFileReference; fileEncoding = 4; lastKnownFileType = file.xib; path = SampleTableViewHeaderFooterView.xib; sourceTree = "<group>"; };
		8FAB166520A96AE900696281 /* SampleTableViewHeaderFooterView.m */ = {isa = PBXFileReference; fileEncoding = 4; lastKnownFileType = sourcecode.c.objc; path = SampleTableViewHeaderFooterView.m; sourceTree = "<group>"; };
		8FAB166720A96AE900696281 /* ViewController.xib */ = {isa = PBXFileReference; fileEncoding = 4; lastKnownFileType = file.xib; path = ViewController.xib; sourceTree = "<group>"; };
		8FAB166820A96AE900696281 /* ViewController.m */ = {isa = PBXFileReference; fileEncoding = 4; lastKnownFileType = sourcecode.c.objc; path = ViewController.m; sourceTree = "<group>"; };
		8FAB166920A96AE900696281 /* ViewController.h */ = {isa = PBXFileReference; fileEncoding = 4; lastKnownFileType = sourcecode.c.h; path = ViewController.h; sourceTree = "<group>"; };
		8FAB166C20A96AE900696281 /* RecordAdapter.h */ = {isa = PBXFileReference; fileEncoding = 4; lastKnownFileType = sourcecode.c.h; path = RecordAdapter.h; sourceTree = "<group>"; };
		8FAB166D20A96AE900696281 /* RecordAdapter.m */ = {isa = PBXFileReference; fileEncoding = 4; lastKnownFileType = sourcecode.c.objc; path = RecordAdapter.m; sourceTree = "<group>"; };
		8FAB166F20A96AE900696281 /* RecordInputDataViewController.h */ = {isa = PBXFileReference; fileEncoding = 4; lastKnownFileType = sourcecode.c.h; path = RecordInputDataViewController.h; sourceTree = "<group>"; };
		8FAB167020A96AE900696281 /* RecordInputDataViewController.xib */ = {isa = PBXFileReference; fileEncoding = 4; lastKnownFileType = file.xib; path = RecordInputDataViewController.xib; sourceTree = "<group>"; };
		8FAB167120A96AE900696281 /* RecordInputDataViewController.m */ = {isa = PBXFileReference; fileEncoding = 4; lastKnownFileType = sourcecode.c.objc; path = RecordInputDataViewController.m; sourceTree = "<group>"; };
		8FAB167320A96AE900696281 /* RecordSwitchTableViewCell.m */ = {isa = PBXFileReference; fileEncoding = 4; lastKnownFileType = sourcecode.c.objc; path = RecordSwitchTableViewCell.m; sourceTree = "<group>"; };
		8FAB167420A96AE900696281 /* RecordTableViewCell.m */ = {isa = PBXFileReference; fileEncoding = 4; lastKnownFileType = sourcecode.c.objc; path = RecordTableViewCell.m; sourceTree = "<group>"; };
		8FAB167520A96AE900696281 /* RecordTableViewCell.xib */ = {isa = PBXFileReference; fileEncoding = 4; lastKnownFileType = file.xib; path = RecordTableViewCell.xib; sourceTree = "<group>"; };
		8FAB167620A96AE900696281 /* RecordSwitchTableViewCell.xib */ = {isa = PBXFileReference; fileEncoding = 4; lastKnownFileType = file.xib; path = RecordSwitchTableViewCell.xib; sourceTree = "<group>"; };
		8FAB167720A96AE900696281 /* RecordSwitchTableViewCell.h */ = {isa = PBXFileReference; fileEncoding = 4; lastKnownFileType = sourcecode.c.h; path = RecordSwitchTableViewCell.h; sourceTree = "<group>"; };
		8FAB167820A96AE900696281 /* RecordTableViewCell.h */ = {isa = PBXFileReference; fileEncoding = 4; lastKnownFileType = sourcecode.c.h; path = RecordTableViewCell.h; sourceTree = "<group>"; };
		8FAB169A20A9940F00696281 /* CHGCollectionViewAdapter.h */ = {isa = PBXFileReference; lastKnownFileType = sourcecode.c.h; path = CHGCollectionViewAdapter.h; sourceTree = "<group>"; };
		8FAB169B20A9940F00696281 /* CHGCollectionViewAdapter.m */ = {isa = PBXFileReference; lastKnownFileType = sourcecode.c.objc; path = CHGCollectionViewAdapter.m; sourceTree = "<group>"; };
		8FAB169E20A9956400696281 /* CHGCollectionViewAdapterData.h */ = {isa = PBXFileReference; lastKnownFileType = sourcecode.c.h; path = CHGCollectionViewAdapterData.h; sourceTree = "<group>"; };
		8FAB169F20A9956400696281 /* CHGCollectionViewAdapterData.m */ = {isa = PBXFileReference; lastKnownFileType = sourcecode.c.objc; path = CHGCollectionViewAdapterData.m; sourceTree = "<group>"; };
		8FAB16A220A9963F00696281 /* UICollectionView+CHGCollectionViewAdapter.h */ = {isa = PBXFileReference; lastKnownFileType = sourcecode.c.h; path = "UICollectionView+CHGCollectionViewAdapter.h"; sourceTree = "<group>"; };
		8FAB16A320A9963F00696281 /* UICollectionView+CHGCollectionViewAdapter.m */ = {isa = PBXFileReference; lastKnownFileType = sourcecode.c.objc; path = "UICollectionView+CHGCollectionViewAdapter.m"; sourceTree = "<group>"; };
		8FAB16A620A9A4D900696281 /* CHGCollectionViewEmptyDataShow.h */ = {isa = PBXFileReference; lastKnownFileType = sourcecode.c.h; path = CHGCollectionViewEmptyDataShow.h; sourceTree = "<group>"; };
		8FAB16A720A9A4D900696281 /* CHGCollectionViewEmptyDataShow.m */ = {isa = PBXFileReference; lastKnownFileType = sourcecode.c.objc; path = CHGCollectionViewEmptyDataShow.m; sourceTree = "<group>"; };
		8FE04AD020A40FFD0038BE0D /* CHGAdapter.app */ = {isa = PBXFileReference; explicitFileType = wrapper.application; includeInIndex = 0; path = CHGAdapter.app; sourceTree = BUILT_PRODUCTS_DIR; };
		8FE04AD320A40FFD0038BE0D /* AppDelegate.h */ = {isa = PBXFileReference; lastKnownFileType = sourcecode.c.h; path = AppDelegate.h; sourceTree = "<group>"; };
		8FE04AD420A40FFD0038BE0D /* AppDelegate.m */ = {isa = PBXFileReference; lastKnownFileType = sourcecode.c.objc; path = AppDelegate.m; sourceTree = "<group>"; };
		8FE04ADC20A40FFE0038BE0D /* Assets.xcassets */ = {isa = PBXFileReference; lastKnownFileType = folder.assetcatalog; path = Assets.xcassets; sourceTree = "<group>"; };
		8FE04ADF20A40FFE0038BE0D /* Base */ = {isa = PBXFileReference; lastKnownFileType = file.storyboard; name = Base; path = Base.lproj/LaunchScreen.storyboard; sourceTree = "<group>"; };
		8FE04AE120A40FFE0038BE0D /* Info.plist */ = {isa = PBXFileReference; lastKnownFileType = text.plist.xml; path = Info.plist; sourceTree = "<group>"; };
		8FE04AE220A40FFE0038BE0D /* main.m */ = {isa = PBXFileReference; lastKnownFileType = sourcecode.c.objc; path = main.m; sourceTree = "<group>"; };
		8FE04AE820A40FFE0038BE0D /* CHGAdapterTests.xctest */ = {isa = PBXFileReference; explicitFileType = wrapper.cfbundle; includeInIndex = 0; path = CHGAdapterTests.xctest; sourceTree = BUILT_PRODUCTS_DIR; };
		8FE04AEC20A40FFE0038BE0D /* CHGAdapterTests.m */ = {isa = PBXFileReference; lastKnownFileType = sourcecode.c.objc; path = CHGAdapterTests.m; sourceTree = "<group>"; };
		8FE04AEE20A40FFE0038BE0D /* Info.plist */ = {isa = PBXFileReference; lastKnownFileType = text.plist.xml; path = Info.plist; sourceTree = "<group>"; };
		8FE04AF320A40FFF0038BE0D /* CHGAdapterUITests.xctest */ = {isa = PBXFileReference; explicitFileType = wrapper.cfbundle; includeInIndex = 0; path = CHGAdapterUITests.xctest; sourceTree = BUILT_PRODUCTS_DIR; };
		8FE04AF720A40FFF0038BE0D /* CHGAdapterUITests.m */ = {isa = PBXFileReference; lastKnownFileType = sourcecode.c.objc; path = CHGAdapterUITests.m; sourceTree = "<group>"; };
		8FE04AF920A40FFF0038BE0D /* Info.plist */ = {isa = PBXFileReference; lastKnownFileType = text.plist.xml; path = Info.plist; sourceTree = "<group>"; };
		8FE94D6520A4187200386F56 /* CHGTableViewAdapter.h */ = {isa = PBXFileReference; lastKnownFileType = sourcecode.c.h; path = CHGTableViewAdapter.h; sourceTree = "<group>"; };
		8FE94D6620A4187200386F56 /* CHGTableViewAdapter.m */ = {isa = PBXFileReference; lastKnownFileType = sourcecode.c.objc; path = CHGTableViewAdapter.m; sourceTree = "<group>"; };
		8FE94D6920A41AC700386F56 /* CHGTableViewAdapterData.h */ = {isa = PBXFileReference; lastKnownFileType = sourcecode.c.h; path = CHGTableViewAdapterData.h; sourceTree = "<group>"; };
		8FE94D6A20A41AC700386F56 /* CHGTableViewAdapterData.m */ = {isa = PBXFileReference; lastKnownFileType = sourcecode.c.objc; path = CHGTableViewAdapterData.m; sourceTree = "<group>"; };
		8FE94D6C20A41F9000386F56 /* CHGTableViewCell.h */ = {isa = PBXFileReference; lastKnownFileType = sourcecode.c.h; path = CHGTableViewCell.h; sourceTree = "<group>"; };
		8FE94D6D20A41F9000386F56 /* CHGTableViewCell.m */ = {isa = PBXFileReference; lastKnownFileType = sourcecode.c.objc; path = CHGTableViewCell.m; sourceTree = "<group>"; };
		8FE94D7520A4252500386F56 /* CHGTableViewAdapterDefine.h */ = {isa = PBXFileReference; lastKnownFileType = sourcecode.c.h; path = CHGTableViewAdapterDefine.h; sourceTree = "<group>"; };
		8FE94D7720A425C900386F56 /* UITableView+CHGTableViewAdapter.h */ = {isa = PBXFileReference; lastKnownFileType = sourcecode.c.h; path = "UITableView+CHGTableViewAdapter.h"; sourceTree = "<group>"; };
		8FE94D7820A425C900386F56 /* UITableView+CHGTableViewAdapter.m */ = {isa = PBXFileReference; lastKnownFileType = sourcecode.c.objc; path = "UITableView+CHGTableViewAdapter.m"; sourceTree = "<group>"; };
		8FE94D8020A430B500386F56 /* CHGTableViewHeaderFooterView.h */ = {isa = PBXFileReference; lastKnownFileType = sourcecode.c.h; path = CHGTableViewHeaderFooterView.h; sourceTree = "<group>"; };
		8FE94D8120A430B500386F56 /* CHGTableViewHeaderFooterView.m */ = {isa = PBXFileReference; lastKnownFileType = sourcecode.c.objc; path = CHGTableViewHeaderFooterView.m; sourceTree = "<group>"; };
		8FE94D8A20A5915F00386F56 /* CHGTableViewEmptyDataShow.h */ = {isa = PBXFileReference; lastKnownFileType = sourcecode.c.h; path = CHGTableViewEmptyDataShow.h; sourceTree = "<group>"; };
		8FE94D8B20A5915F00386F56 /* CHGTableViewEmptyDataShow.m */ = {isa = PBXFileReference; lastKnownFileType = sourcecode.c.objc; path = CHGTableViewEmptyDataShow.m; sourceTree = "<group>"; };
		E6D62535AB7A68DC337BC3EB /* Pods-CHGAdapter.debug.xcconfig */ = {isa = PBXFileReference; includeInIndex = 1; lastKnownFileType = text.xcconfig; name = "Pods-CHGAdapter.debug.xcconfig"; path = "Pods/Target Support Files/Pods-CHGAdapter/Pods-CHGAdapter.debug.xcconfig"; sourceTree = "<group>"; };
		EC09ED455D43E832A8ACE449 /* libPods-CHGAdapter.a */ = {isa = PBXFileReference; explicitFileType = archive.ar; includeInIndex = 0; path = "libPods-CHGAdapter.a"; sourceTree = BUILT_PRODUCTS_DIR; };
/* End PBXFileReference section */

/* Begin PBXFrameworksBuildPhase section */
		8FE04ACD20A40FFD0038BE0D /* Frameworks */ = {
			isa = PBXFrameworksBuildPhase;
			buildActionMask = 2147483647;
			files = (
				7B400DAAB2F917417E165201 /* libPods-CHGAdapter.a in Frameworks */,
			);
			runOnlyForDeploymentPostprocessing = 0;
		};
		8FE04AE520A40FFE0038BE0D /* Frameworks */ = {
			isa = PBXFrameworksBuildPhase;
			buildActionMask = 2147483647;
			files = (
			);
			runOnlyForDeploymentPostprocessing = 0;
		};
		8FE04AF020A40FFE0038BE0D /* Frameworks */ = {
			isa = PBXFrameworksBuildPhase;
			buildActionMask = 2147483647;
			files = (
			);
			runOnlyForDeploymentPostprocessing = 0;
		};
/* End PBXFrameworksBuildPhase section */

/* Begin PBXGroup section */
		0A8599290652F75AC31B2983 /* Frameworks */ = {
			isa = PBXGroup;
			children = (
				EC09ED455D43E832A8ACE449 /* libPods-CHGAdapter.a */,
			);
			name = Frameworks;
			sourceTree = "<group>";
		};
		4D9FC032EA7AC1A8B1F7F78A /* Pods */ = {
			isa = PBXGroup;
			children = (
				E6D62535AB7A68DC337BC3EB /* Pods-CHGAdapter.debug.xcconfig */,
				425CFC518C2702DFCE0E4C37 /* Pods-CHGAdapter.release.xcconfig */,
			);
			name = Pods;
			sourceTree = "<group>";
		};
		8F45862620AAA38200C5C136 /* TableView */ = {
			isa = PBXGroup;
			children = (
				8F78F665210C01A30044BD1B /* CHGSimpleTableViewAdapter用法 */,
				8FAB165D20A96AE900696281 /* 简单的使用 */,
				8FAB164D20A96AE900696281 /* 扩展CHGTableViewAdapter显示多种cell及headerview */,
				8FAB163720A96AE800696281 /* 入口 */,
				8FAB166A20A96AE900696281 /* 使用customData参数记录cell中的数据 */,
				8FAB164020A96AE800696281 /* 事件传输 */,
			);
			path = TableView;
			sourceTree = "<group>";
		};
		8F45862720AAA39400C5C136 /* collectionView */ = {
			isa = PBXGroup;
			children = (
				8F45864E20AADEF200C5C136 /* other */,
				8F45864A20AACC5900C5C136 /* Adapter */,
				8F45863A20AAC4ED00C5C136 /* CollectionReusableView */,
				8F45863120AAA89300C5C136 /* cell */,
				8F45863020AAA88B00C5C136 /* controllers */,
			);
			path = collectionView;
			sourceTree = "<group>";
		};
		8F45863020AAA88B00C5C136 /* controllers */ = {
			isa = PBXGroup;
			children = (
				8F45862820AAA3C500C5C136 /* CollectionViewViewController.h */,
				8F45862920AAA3C500C5C136 /* CollectionViewViewController.m */,
				8F45862A20AAA3C500C5C136 /* CollectionViewViewController.xib */,
			);
			path = controllers;
			sourceTree = "<group>";
		};
		8F45863120AAA89300C5C136 /* cell */ = {
			isa = PBXGroup;
			children = (
				8F45863220AAA8B700C5C136 /* SampleCollectionViewCell.h */,
				8F45863320AAA8B700C5C136 /* SampleCollectionViewCell.m */,
				8F45863420AAA8B700C5C136 /* SampleCollectionViewCell.xib */,
				8F45864520AACB9200C5C136 /* Sample1CollectionViewCell.h */,
				8F45864620AACB9200C5C136 /* Sample1CollectionViewCell.m */,
				8F45864720AACB9200C5C136 /* Sample1CollectionViewCell.xib */,
				8F45865720AAF5AE00C5C136 /* Sample2CollectionViewCell.h */,
				8F45865820AAF5AE00C5C136 /* Sample2CollectionViewCell.m */,
			);
			path = cell;
			sourceTree = "<group>";
		};
		8F45863A20AAC4ED00C5C136 /* CollectionReusableView */ = {
			isa = PBXGroup;
			children = (
				8F45864020AAC84C00C5C136 /* SampleHeaderCollectionReusableView.h */,
				8F45864120AAC84C00C5C136 /* SampleHeaderCollectionReusableView.m */,
				8F45864220AAC84C00C5C136 /* SampleHeaderCollectionReusableView.xib */,
			);
			path = CollectionReusableView;
			sourceTree = "<group>";
		};
		8F45864A20AACC5900C5C136 /* Adapter */ = {
			isa = PBXGroup;
			children = (
				8F45864B20AACC7400C5C136 /* TestCollectionAdapter.h */,
				8F45864C20AACC7400C5C136 /* TestCollectionAdapter.m */,
			);
			path = Adapter;
			sourceTree = "<group>";
		};
		8F45864E20AADEF200C5C136 /* other */ = {
			isa = PBXGroup;
			children = (
				8F45864F20AADF0E00C5C136 /* SampleLayout.h */,
				8F45865020AADF0E00C5C136 /* SampleLayout.m */,
			);
			path = other;
			sourceTree = "<group>";
		};
		8F78F665210C01A30044BD1B /* CHGSimpleTableViewAdapter用法 */ = {
			isa = PBXGroup;
			children = (
				8F78F668210C01D30044BD1B /* model */,
				8F78F667210C01C60044BD1B /* view */,
				8F78F666210C01BE0044BD1B /* controller */,
			);
			path = "CHGSimpleTableViewAdapter用法";
			sourceTree = "<group>";
		};
		8F78F666210C01BE0044BD1B /* controller */ = {
			isa = PBXGroup;
			children = (
				8F78F669210C01F50044BD1B /* SimpleAdapterViewController.h */,
				8F78F66A210C01F50044BD1B /* SimpleAdapterViewController.m */,
				8F78F66B210C01F50044BD1B /* SimpleAdapterViewController.xib */,
			);
			path = controller;
			sourceTree = "<group>";
		};
		8F78F667210C01C60044BD1B /* view */ = {
			isa = PBXGroup;
			children = (
				8F78F66F210C03210044BD1B /* UITableViewHeaderFooterView */,
				8F78F66E210C03150044BD1B /* UITableViewCell */,
			);
			path = view;
			sourceTree = "<group>";
		};
		8F78F668210C01D30044BD1B /* model */ = {
			isa = PBXGroup;
			children = (
				8F78F67A210C037C0044BD1B /* AddressNoSelectModel.h */,
				8F78F67B210C037C0044BD1B /* AddressNoSelectModel.m */,
				8F78F682210C07530044BD1B /* HeaderModel.h */,
				8F78F683210C07530044BD1B /* HeaderModel.m */,
				8F78F685210C07630044BD1B /* FooterModel.h */,
				8F78F686210C07630044BD1B /* FooterModel.m */,
			);
			path = model;
			sourceTree = "<group>";
		};
		8F78F66E210C03150044BD1B /* UITableViewCell */ = {
			isa = PBXGroup;
			children = (
				8F78F675210C03650044BD1B /* AddressNoSelectTableViewCell.h */,
				8F78F676210C03650044BD1B /* AddressNoSelectTableViewCell.m */,
				8F78F677210C03650044BD1B /* AddressNoSelectTableViewCell.xib */,
				8F78F67D210C04440044BD1B /* AddressSelectedTableViewCell.h */,
				8F78F67E210C04440044BD1B /* AddressSelectedTableViewCell.m */,
				8F78F67F210C04440044BD1B /* AddressSelectedTableViewCell.xib */,
			);
			path = UITableViewCell;
			sourceTree = "<group>";
		};
		8F78F66F210C03210044BD1B /* UITableViewHeaderFooterView */ = {
			isa = PBXGroup;
			children = (
				8F78F688210C08720044BD1B /* FooterView.h */,
				8F78F689210C08720044BD1B /* FooterView.m */,
				8F78F68B210C08820044BD1B /* FooterView.xib */,
				8F78F68D210C093C0044BD1B /* HeaderView.h */,
				8F78F68E210C093C0044BD1B /* HeaderView.m */,
				8F78F690210C09470044BD1B /* HeaderView.xib */,
			);
			path = UITableViewHeaderFooterView;
			sourceTree = "<group>";
		};
		8FAB162C20A96A8900696281 /* Sample */ = {
			isa = PBXGroup;
			children = (
				8F45862720AAA39400C5C136 /* collectionView */,
				8F45862620AAA38200C5C136 /* TableView */,
			);
			path = Sample;
			sourceTree = "<group>";
		};
		8FAB163720A96AE800696281 /* 入口 */ = {
			isa = PBXGroup;
			children = (
				8FAB163820A96AE800696281 /* controller */,
				8FAB163C20A96AE800696281 /* cell */,
			);
			path = "入口";
			sourceTree = "<group>";
		};
		8FAB163820A96AE800696281 /* controller */ = {
			isa = PBXGroup;
			children = (
				8FAB163920A96AE800696281 /* MenuViewController.h */,
				8FAB163A20A96AE800696281 /* MenuViewController.xib */,
				8FAB163B20A96AE800696281 /* MenuViewController.m */,
			);
			path = controller;
			sourceTree = "<group>";
		};
		8FAB163C20A96AE800696281 /* cell */ = {
			isa = PBXGroup;
			children = (
				8FAB163D20A96AE800696281 /* TitleTableViewCell.h */,
				8FAB163E20A96AE800696281 /* TitleTableViewCell.xib */,
				8FAB163F20A96AE800696281 /* TitleTableViewCell.m */,
			);
			path = cell;
			sourceTree = "<group>";
		};
		8FAB164020A96AE800696281 /* 事件传输 */ = {
			isa = PBXGroup;
			children = (
				8FAB164120A96AE800696281 /* cell */,
				8FAB164520A96AE800696281 /* headFooterView */,
				8FAB164920A96AE800696281 /* controllers */,
			);
			path = "事件传输";
			sourceTree = "<group>";
		};
		8FAB164120A96AE800696281 /* cell */ = {
			isa = PBXGroup;
			children = (
				8FAB164220A96AE800696281 /* OneButtonTableViewCell.h */,
				8FAB164320A96AE800696281 /* OneButtonTableViewCell.xib */,
				8FAB164420A96AE800696281 /* OneButtonTableViewCell.m */,
			);
			path = cell;
			sourceTree = "<group>";
		};
		8FAB164520A96AE800696281 /* headFooterView */ = {
			isa = PBXGroup;
			children = (
				8FAB164620A96AE800696281 /* OneTextFieldHeaderFooterView.h */,
				8FAB164720A96AE800696281 /* OneTextFieldHeaderFooterView.xib */,
				8FAB164820A96AE800696281 /* OneTextFieldHeaderFooterView.m */,
			);
			path = headFooterView;
			sourceTree = "<group>";
		};
		8FAB164920A96AE800696281 /* controllers */ = {
			isa = PBXGroup;
			children = (
				8FAB164A20A96AE800696281 /* EventTransmissionViewController.h */,
				8FAB164B20A96AE800696281 /* EventTransmissionViewController.xib */,
				8FAB164C20A96AE800696281 /* EventTransmissionViewController.m */,
			);
			path = controllers;
			sourceTree = "<group>";
		};
		8FAB164D20A96AE900696281 /* 扩展CHGTableViewAdapter显示多种cell及headerview */ = {
			isa = PBXGroup;
			children = (
				8FAB164E20A96AE900696281 /* Adapter */,
				8FAB165120A96AE900696281 /* cell */,
				8FAB165820A96AE900696281 /* headFooterView */,
				8FAB165920A96AE900696281 /* controllers */,
			);
			path = "扩展CHGTableViewAdapter显示多种cell及headerview";
			sourceTree = "<group>";
		};
		8FAB164E20A96AE900696281 /* Adapter */ = {
			isa = PBXGroup;
			children = (
				8FAB164F20A96AE900696281 /* CustomAdapter.m */,
				8FAB165020A96AE900696281 /* CustomAdapter.h */,
			);
			path = Adapter;
			sourceTree = "<group>";
		};
		8FAB165120A96AE900696281 /* cell */ = {
			isa = PBXGroup;
			children = (
				8FAB165320A96AE900696281 /* Style2TableViewCell.h */,
				8FAB165720A96AE900696281 /* Style2TableViewCell.m */,
				8FAB165420A96AE900696281 /* Style2TableViewCell.xib */,
				8FAB165220A96AE900696281 /* Style1TableViewCell.h */,
				8FAB165520A96AE900696281 /* Style1TableViewCell.m */,
				8FAB165620A96AE900696281 /* Style1TableViewCell.xib */,
			);
			path = cell;
			sourceTree = "<group>";
		};
		8FAB165820A96AE900696281 /* headFooterView */ = {
			isa = PBXGroup;
			children = (
			);
			path = headFooterView;
			sourceTree = "<group>";
		};
		8FAB165920A96AE900696281 /* controllers */ = {
			isa = PBXGroup;
			children = (
				8FAB165A20A96AE900696281 /* MultipleViewController.m */,
				8FAB165B20A96AE900696281 /* MultipleViewController.xib */,
				8FAB165C20A96AE900696281 /* MultipleViewController.h */,
			);
			path = controllers;
			sourceTree = "<group>";
		};
		8FAB165D20A96AE900696281 /* 简单的使用 */ = {
			isa = PBXGroup;
			children = (
				8FAB165E20A96AE900696281 /* cell */,
				8FAB166220A96AE900696281 /* headFooterView */,
				8FAB166620A96AE900696281 /* controllers */,
			);
			path = "简单的使用";
			sourceTree = "<group>";
		};
		8FAB165E20A96AE900696281 /* cell */ = {
			isa = PBXGroup;
			children = (
				8FAB165F20A96AE900696281 /* SimpleTableViewCell.h */,
				8FAB166020A96AE900696281 /* SimpleTableViewCell.xib */,
				8FAB166120A96AE900696281 /* SimpleTableViewCell.m */,
			);
			path = cell;
			sourceTree = "<group>";
		};
		8FAB166220A96AE900696281 /* headFooterView */ = {
			isa = PBXGroup;
			children = (
				8FAB166320A96AE900696281 /* SampleTableViewHeaderFooterView.h */,
				8FAB166420A96AE900696281 /* SampleTableViewHeaderFooterView.xib */,
				8FAB166520A96AE900696281 /* SampleTableViewHeaderFooterView.m */,
			);
			path = headFooterView;
			sourceTree = "<group>";
		};
		8FAB166620A96AE900696281 /* controllers */ = {
			isa = PBXGroup;
			children = (
				8FAB166720A96AE900696281 /* ViewController.xib */,
				8FAB166820A96AE900696281 /* ViewController.m */,
				8FAB166920A96AE900696281 /* ViewController.h */,
			);
			path = controllers;
			sourceTree = "<group>";
		};
		8FAB166A20A96AE900696281 /* 使用customData参数记录cell中的数据 */ = {
			isa = PBXGroup;
			children = (
				8FAB166B20A96AE900696281 /* adapter */,
				8FAB166E20A96AE900696281 /* controller */,
				8FAB167220A96AE900696281 /* cell */,
			);
			path = "使用customData参数记录cell中的数据";
			sourceTree = "<group>";
		};
		8FAB166B20A96AE900696281 /* adapter */ = {
			isa = PBXGroup;
			children = (
				8FAB166C20A96AE900696281 /* RecordAdapter.h */,
				8FAB166D20A96AE900696281 /* RecordAdapter.m */,
			);
			path = adapter;
			sourceTree = "<group>";
		};
		8FAB166E20A96AE900696281 /* controller */ = {
			isa = PBXGroup;
			children = (
				8FAB166F20A96AE900696281 /* RecordInputDataViewController.h */,
				8FAB167020A96AE900696281 /* RecordInputDataViewController.xib */,
				8FAB167120A96AE900696281 /* RecordInputDataViewController.m */,
			);
			path = controller;
			sourceTree = "<group>";
		};
		8FAB167220A96AE900696281 /* cell */ = {
			isa = PBXGroup;
			children = (
				8FAB167320A96AE900696281 /* RecordSwitchTableViewCell.m */,
				8FAB167420A96AE900696281 /* RecordTableViewCell.m */,
				8FAB167520A96AE900696281 /* RecordTableViewCell.xib */,
				8FAB167620A96AE900696281 /* RecordSwitchTableViewCell.xib */,
				8FAB167720A96AE900696281 /* RecordSwitchTableViewCell.h */,
				8FAB167820A96AE900696281 /* RecordTableViewCell.h */,
			);
			path = cell;
			sourceTree = "<group>";
		};
		8FAB169820A9933900696281 /* CHGTableViewAdapter */ = {
			isa = PBXGroup;
			children = (
				8FE94D8920A590FB00386F56 /* emptyDataShow */,
				8FE94D7620A4259A00386F56 /* category */,
				8FE94D6820A41A9700386F56 /* model */,
				8FE94D6520A4187200386F56 /* CHGTableViewAdapter.h */,
				8FE94D6620A4187200386F56 /* CHGTableViewAdapter.m */,
				8FE94D6C20A41F9000386F56 /* CHGTableViewCell.h */,
				8FE94D6D20A41F9000386F56 /* CHGTableViewCell.m */,
				8FE94D7520A4252500386F56 /* CHGTableViewAdapterDefine.h */,
				8FE94D8020A430B500386F56 /* CHGTableViewHeaderFooterView.h */,
				8FE94D8120A430B500386F56 /* CHGTableViewHeaderFooterView.m */,
				8F78F662210BF9030044BD1B /* CHGSimpleTableViewAdapter.h */,
				8F78F663210BF9030044BD1B /* CHGSimpleTableViewAdapter.m */,
			);
			path = CHGTableViewAdapter;
			sourceTree = "<group>";
		};
		8FAB169920A9937700696281 /* CHGCollectionViewAdapter */ = {
			isa = PBXGroup;
			children = (
				8FAB16A520A9A4A000696281 /* emptyDataShow */,
				8FAB16A120A9960300696281 /* category */,
				8FAB169D20A9953700696281 /* model */,
				8FAB169A20A9940F00696281 /* CHGCollectionViewAdapter.h */,
				8FAB169B20A9940F00696281 /* CHGCollectionViewAdapter.m */,
				8F45862D20AAA75F00C5C136 /* CHGCollectionViewCell.h */,
				8F45862E20AAA75F00C5C136 /* CHGCollectionViewCell.m */,
				8F45863720AAC0B000C5C136 /* CHGCollectionReusableView.h */,
				8F45863820AAC0B000C5C136 /* CHGCollectionReusableView.m */,
			);
			path = CHGCollectionViewAdapter;
			sourceTree = "<group>";
		};
		8FAB169D20A9953700696281 /* model */ = {
			isa = PBXGroup;
			children = (
				8FAB169E20A9956400696281 /* CHGCollectionViewAdapterData.h */,
				8FAB169F20A9956400696281 /* CHGCollectionViewAdapterData.m */,
			);
			path = model;
			sourceTree = "<group>";
		};
		8FAB16A120A9960300696281 /* category */ = {
			isa = PBXGroup;
			children = (
				8FAB16A220A9963F00696281 /* UICollectionView+CHGCollectionViewAdapter.h */,
				8FAB16A320A9963F00696281 /* UICollectionView+CHGCollectionViewAdapter.m */,
			);
			path = category;
			sourceTree = "<group>";
		};
		8FAB16A520A9A4A000696281 /* emptyDataShow */ = {
			isa = PBXGroup;
			children = (
				8FAB16A620A9A4D900696281 /* CHGCollectionViewEmptyDataShow.h */,
				8FAB16A720A9A4D900696281 /* CHGCollectionViewEmptyDataShow.m */,
			);
			path = emptyDataShow;
			sourceTree = "<group>";
		};
		8FE04AC720A40FFD0038BE0D = {
			isa = PBXGroup;
			children = (
				8FE04AD220A40FFD0038BE0D /* CHGAdapter */,
				8FE04AEB20A40FFE0038BE0D /* CHGAdapterTests */,
				8FE04AF620A40FFF0038BE0D /* CHGAdapterUITests */,
				8FE04AD120A40FFD0038BE0D /* Products */,
				4D9FC032EA7AC1A8B1F7F78A /* Pods */,
				0A8599290652F75AC31B2983 /* Frameworks */,
			);
			sourceTree = "<group>";
		};
		8FE04AD120A40FFD0038BE0D /* Products */ = {
			isa = PBXGroup;
			children = (
				8FE04AD020A40FFD0038BE0D /* CHGAdapter.app */,
				8FE04AE820A40FFE0038BE0D /* CHGAdapterTests.xctest */,
				8FE04AF320A40FFF0038BE0D /* CHGAdapterUITests.xctest */,
			);
			name = Products;
			sourceTree = "<group>";
		};
		8FE04AD220A40FFD0038BE0D /* CHGAdapter */ = {
			isa = PBXGroup;
			children = (
				8FAB162C20A96A8900696281 /* Sample */,
				8FE04B0520A410420038BE0D /* CHGAdapterLib */,
				8FE04AD320A40FFD0038BE0D /* AppDelegate.h */,
				8FE04AD420A40FFD0038BE0D /* AppDelegate.m */,
				8FE04ADC20A40FFE0038BE0D /* Assets.xcassets */,
				8FE04ADE20A40FFE0038BE0D /* LaunchScreen.storyboard */,
				8FE04AE120A40FFE0038BE0D /* Info.plist */,
				8FE04AE220A40FFE0038BE0D /* main.m */,
			);
			path = CHGAdapter;
			sourceTree = "<group>";
		};
		8FE04AEB20A40FFE0038BE0D /* CHGAdapterTests */ = {
			isa = PBXGroup;
			children = (
				8FE04AEC20A40FFE0038BE0D /* CHGAdapterTests.m */,
				8FE04AEE20A40FFE0038BE0D /* Info.plist */,
			);
			path = CHGAdapterTests;
			sourceTree = "<group>";
		};
		8FE04AF620A40FFF0038BE0D /* CHGAdapterUITests */ = {
			isa = PBXGroup;
			children = (
				8FE04AF720A40FFF0038BE0D /* CHGAdapterUITests.m */,
				8FE04AF920A40FFF0038BE0D /* Info.plist */,
			);
			path = CHGAdapterUITests;
			sourceTree = "<group>";
		};
		8FE04B0520A410420038BE0D /* CHGAdapterLib */ = {
			isa = PBXGroup;
			children = (
				8FAB169920A9937700696281 /* CHGCollectionViewAdapter */,
				8FAB169820A9933900696281 /* CHGTableViewAdapter */,
				8F2F9EDC2118651D00DD4946 /* CHGAdapter.h */,
			);
			path = CHGAdapterLib;
			sourceTree = "<group>";
		};
		8FE94D6820A41A9700386F56 /* model */ = {
			isa = PBXGroup;
			children = (
				8FE94D6920A41AC700386F56 /* CHGTableViewAdapterData.h */,
				8FE94D6A20A41AC700386F56 /* CHGTableViewAdapterData.m */,
			);
			path = model;
			sourceTree = "<group>";
		};
		8FE94D7620A4259A00386F56 /* category */ = {
			isa = PBXGroup;
			children = (
				8FE94D7720A425C900386F56 /* UITableView+CHGTableViewAdapter.h */,
				8FE94D7820A425C900386F56 /* UITableView+CHGTableViewAdapter.m */,
				8F0EF99E210EA6FA00186E4C /* UITableView+CHGSimpleTableViewAdapter.h */,
				8F0EF99F210EA6FA00186E4C /* UITableView+CHGSimpleTableViewAdapter.m */,
			);
			path = category;
			sourceTree = "<group>";
		};
		8FE94D8920A590FB00386F56 /* emptyDataShow */ = {
			isa = PBXGroup;
			children = (
				8FE94D8A20A5915F00386F56 /* CHGTableViewEmptyDataShow.h */,
				8FE94D8B20A5915F00386F56 /* CHGTableViewEmptyDataShow.m */,
			);
			path = emptyDataShow;
			sourceTree = "<group>";
		};
/* End PBXGroup section */

/* Begin PBXNativeTarget section */
		8FE04ACF20A40FFD0038BE0D /* CHGAdapter */ = {
			isa = PBXNativeTarget;
			buildConfigurationList = 8FE04AFC20A40FFF0038BE0D /* Build configuration list for PBXNativeTarget "CHGAdapter" */;
			buildPhases = (
				37774C1F8879B8D1DC0DBCE2 /* [CP] Check Pods Manifest.lock */,
				8FE04ACC20A40FFD0038BE0D /* Sources */,
				8FE04ACD20A40FFD0038BE0D /* Frameworks */,
				8FE04ACE20A40FFD0038BE0D /* Resources */,
			);
			buildRules = (
			);
			dependencies = (
			);
			name = CHGAdapter;
			productName = CHGAdapter;
			productReference = 8FE04AD020A40FFD0038BE0D /* CHGAdapter.app */;
			productType = "com.apple.product-type.application";
		};
		8FE04AE720A40FFE0038BE0D /* CHGAdapterTests */ = {
			isa = PBXNativeTarget;
			buildConfigurationList = 8FE04AFF20A40FFF0038BE0D /* Build configuration list for PBXNativeTarget "CHGAdapterTests" */;
			buildPhases = (
				8FE04AE420A40FFE0038BE0D /* Sources */,
				8FE04AE520A40FFE0038BE0D /* Frameworks */,
				8FE04AE620A40FFE0038BE0D /* Resources */,
			);
			buildRules = (
			);
			dependencies = (
				8FE04AEA20A40FFE0038BE0D /* PBXTargetDependency */,
			);
			name = CHGAdapterTests;
			productName = CHGAdapterTests;
			productReference = 8FE04AE820A40FFE0038BE0D /* CHGAdapterTests.xctest */;
			productType = "com.apple.product-type.bundle.unit-test";
		};
		8FE04AF220A40FFE0038BE0D /* CHGAdapterUITests */ = {
			isa = PBXNativeTarget;
			buildConfigurationList = 8FE04B0220A40FFF0038BE0D /* Build configuration list for PBXNativeTarget "CHGAdapterUITests" */;
			buildPhases = (
				8FE04AEF20A40FFE0038BE0D /* Sources */,
				8FE04AF020A40FFE0038BE0D /* Frameworks */,
				8FE04AF120A40FFE0038BE0D /* Resources */,
			);
			buildRules = (
			);
			dependencies = (
				8FE04AF520A40FFF0038BE0D /* PBXTargetDependency */,
			);
			name = CHGAdapterUITests;
			productName = CHGAdapterUITests;
			productReference = 8FE04AF320A40FFF0038BE0D /* CHGAdapterUITests.xctest */;
			productType = "com.apple.product-type.bundle.ui-testing";
		};
/* End PBXNativeTarget section */

/* Begin PBXProject section */
		8FE04AC820A40FFD0038BE0D /* Project object */ = {
			isa = PBXProject;
			attributes = {
				LastUpgradeCheck = 0930;
				ORGANIZATIONNAME = "chen haiGang";
				TargetAttributes = {
					8FE04ACF20A40FFD0038BE0D = {
						CreatedOnToolsVersion = 9.3;
					};
					8FE04AE720A40FFE0038BE0D = {
						CreatedOnToolsVersion = 9.3;
						TestTargetID = 8FE04ACF20A40FFD0038BE0D;
					};
					8FE04AF220A40FFE0038BE0D = {
						CreatedOnToolsVersion = 9.3;
						TestTargetID = 8FE04ACF20A40FFD0038BE0D;
					};
				};
			};
			buildConfigurationList = 8FE04ACB20A40FFD0038BE0D /* Build configuration list for PBXProject "CHGAdapter" */;
			compatibilityVersion = "Xcode 9.3";
			developmentRegion = en;
			hasScannedForEncodings = 0;
			knownRegions = (
				en,
				Base,
			);
			mainGroup = 8FE04AC720A40FFD0038BE0D;
			productRefGroup = 8FE04AD120A40FFD0038BE0D /* Products */;
			projectDirPath = "";
			projectRoot = "";
			targets = (
				8FE04ACF20A40FFD0038BE0D /* CHGAdapter */,
				8FE04AE720A40FFE0038BE0D /* CHGAdapterTests */,
				8FE04AF220A40FFE0038BE0D /* CHGAdapterUITests */,
			);
		};
/* End PBXProject section */

/* Begin PBXResourcesBuildPhase section */
		8FE04ACE20A40FFD0038BE0D /* Resources */ = {
			isa = PBXResourcesBuildPhase;
			buildActionMask = 2147483647;
			files = (
				8FAB168920A96AE900696281 /* MultipleViewController.xib in Resources */,
				8F78F691210C09470044BD1B /* HeaderView.xib in Resources */,
				8F78F68C210C08820044BD1B /* FooterView.xib in Resources */,
				8FAB168120A96AE900696281 /* EventTransmissionViewController.xib in Resources */,
				8F78F679210C03650044BD1B /* AddressNoSelectTableViewCell.xib in Resources */,
				8FAB169620A96AE900696281 /* RecordSwitchTableViewCell.xib in Resources */,
				8FAB167B20A96AE900696281 /* TitleTableViewCell.xib in Resources */,
				8FAB168A20A96AE900696281 /* SimpleTableViewCell.xib in Resources */,
				8F78F681210C04440044BD1B /* AddressSelectedTableViewCell.xib in Resources */,
				8FAB169120A96AE900696281 /* RecordInputDataViewController.xib in Resources */,
				8FE04AE020A40FFE0038BE0D /* LaunchScreen.storyboard in Resources */,
				8FAB168E20A96AE900696281 /* ViewController.xib in Resources */,
				8F45864420AAC84C00C5C136 /* SampleHeaderCollectionReusableView.xib in Resources */,
				8FAB167F20A96AE900696281 /* OneTextFieldHeaderFooterView.xib in Resources */,
				8FAB169520A96AE900696281 /* RecordTableViewCell.xib in Resources */,
				8FAB167920A96AE900696281 /* MenuViewController.xib in Resources */,
				8F45864920AACB9200C5C136 /* Sample1CollectionViewCell.xib in Resources */,
				8FE04ADD20A40FFE0038BE0D /* Assets.xcassets in Resources */,
				8FAB168C20A96AE900696281 /* SampleTableViewHeaderFooterView.xib in Resources */,
				8FAB168420A96AE900696281 /* Style2TableViewCell.xib in Resources */,
				8F78F66D210C01F50044BD1B /* SimpleAdapterViewController.xib in Resources */,
				8F45863620AAA8B700C5C136 /* SampleCollectionViewCell.xib in Resources */,
				8F45862C20AAA3C500C5C136 /* CollectionViewViewController.xib in Resources */,
				8FAB167D20A96AE900696281 /* OneButtonTableViewCell.xib in Resources */,
				8FAB168620A96AE900696281 /* Style1TableViewCell.xib in Resources */,
			);
			runOnlyForDeploymentPostprocessing = 0;
		};
		8FE04AE620A40FFE0038BE0D /* Resources */ = {
			isa = PBXResourcesBuildPhase;
			buildActionMask = 2147483647;
			files = (
			);
			runOnlyForDeploymentPostprocessing = 0;
		};
		8FE04AF120A40FFE0038BE0D /* Resources */ = {
			isa = PBXResourcesBuildPhase;
			buildActionMask = 2147483647;
			files = (
			);
			runOnlyForDeploymentPostprocessing = 0;
		};
/* End PBXResourcesBuildPhase section */

/* Begin PBXShellScriptBuildPhase section */
		37774C1F8879B8D1DC0DBCE2 /* [CP] Check Pods Manifest.lock */ = {
			isa = PBXShellScriptBuildPhase;
			buildActionMask = 2147483647;
			files = (
			);
			inputPaths = (
				"${PODS_PODFILE_DIR_PATH}/Podfile.lock",
				"${PODS_ROOT}/Manifest.lock",
			);
			name = "[CP] Check Pods Manifest.lock";
			outputPaths = (
				"$(DERIVED_FILE_DIR)/Pods-CHGAdapter-checkManifestLockResult.txt",
			);
			runOnlyForDeploymentPostprocessing = 0;
			shellPath = /bin/sh;
			shellScript = "diff \"${PODS_PODFILE_DIR_PATH}/Podfile.lock\" \"${PODS_ROOT}/Manifest.lock\" > /dev/null\nif [ $? != 0 ] ; then\n    # print error to STDERR\n    echo \"error: The sandbox is not in sync with the Podfile.lock. Run 'pod install' or update your CocoaPods installation.\" >&2\n    exit 1\nfi\n# This output is used by Xcode 'outputs' to avoid re-running this script phase.\necho \"SUCCESS\" > \"${SCRIPT_OUTPUT_FILE_0}\"\n";
			showEnvVarsInLog = 0;
		};
/* End PBXShellScriptBuildPhase section */

/* Begin PBXSourcesBuildPhase section */
		8FE04ACC20A40FFD0038BE0D /* Sources */ = {
			isa = PBXSourcesBuildPhase;
			buildActionMask = 2147483647;
			files = (
				8F78F68A210C08720044BD1B /* FooterView.m in Sources */,
				8FAB167C20A96AE900696281 /* TitleTableViewCell.m in Sources */,
				8FE94D6B20A41AC700386F56 /* CHGTableViewAdapterData.m in Sources */,
				8F45863920AAC0B000C5C136 /* CHGCollectionReusableView.m in Sources */,
				8FAB168820A96AE900696281 /* MultipleViewController.m in Sources */,
				8FAB167E20A96AE900696281 /* OneButtonTableViewCell.m in Sources */,
				8FAB169220A96AE900696281 /* RecordInputDataViewController.m in Sources */,
				8FAB168020A96AE900696281 /* OneTextFieldHeaderFooterView.m in Sources */,
				8F78F678210C03650044BD1B /* AddressNoSelectTableViewCell.m in Sources */,
				8FAB168D20A96AE900696281 /* SampleTableViewHeaderFooterView.m in Sources */,
				8FAB16A020A9956400696281 /* CHGCollectionViewAdapterData.m in Sources */,
				8FAB167A20A96AE900696281 /* MenuViewController.m in Sources */,
				8FAB169320A96AE900696281 /* RecordSwitchTableViewCell.m in Sources */,
				8F45863520AAA8B700C5C136 /* SampleCollectionViewCell.m in Sources */,
				8FE94D8220A430B500386F56 /* CHGTableViewHeaderFooterView.m in Sources */,
				8FAB168720A96AE900696281 /* Style2TableViewCell.m in Sources */,
				8F78F67C210C037C0044BD1B /* AddressNoSelectModel.m in Sources */,
				8F45864820AACB9200C5C136 /* Sample1CollectionViewCell.m in Sources */,
				8FAB168320A96AE900696281 /* CustomAdapter.m in Sources */,
				8FE94D7920A425C900386F56 /* UITableView+CHGTableViewAdapter.m in Sources */,
				8F45865120AADF0E00C5C136 /* SampleLayout.m in Sources */,
				8F78F684210C07530044BD1B /* HeaderModel.m in Sources */,
				8FAB168520A96AE900696281 /* Style1TableViewCell.m in Sources */,
				8F78F680210C04440044BD1B /* AddressSelectedTableViewCell.m in Sources */,
				8F78F66C210C01F50044BD1B /* SimpleAdapterViewController.m in Sources */,
				8FAB169020A96AE900696281 /* RecordAdapter.m in Sources */,
				8FE04AE320A40FFE0038BE0D /* main.m in Sources */,
				8FE94D6720A4187200386F56 /* CHGTableViewAdapter.m in Sources */,
				8F78F664210BF9030044BD1B /* CHGSimpleTableViewAdapter.m in Sources */,
				8F0EF9A0210EA6FA00186E4C /* UITableView+CHGSimpleTableViewAdapter.m in Sources */,
				8F78F687210C07630044BD1B /* FooterModel.m in Sources */,
				8FAB16A420A9963F00696281 /* UICollectionView+CHGCollectionViewAdapter.m in Sources */,
				8F45864D20AACC7400C5C136 /* TestCollectionAdapter.m in Sources */,
				8F45862F20AAA75F00C5C136 /* CHGCollectionViewCell.m in Sources */,
				8F78F68F210C093C0044BD1B /* HeaderView.m in Sources */,
				8FAB168F20A96AE900696281 /* ViewController.m in Sources */,
				8FAB169420A96AE900696281 /* RecordTableViewCell.m in Sources */,
				8FAB168B20A96AE900696281 /* SimpleTableViewCell.m in Sources */,
				8F45864320AAC84C00C5C136 /* SampleHeaderCollectionReusableView.m in Sources */,
				8FAB168220A96AE900696281 /* EventTransmissionViewController.m in Sources */,
				8FE94D8C20A5915F00386F56 /* CHGTableViewEmptyDataShow.m in Sources */,
				8F45862B20AAA3C500C5C136 /* CollectionViewViewController.m in Sources */,
				8FAB16A820A9A4D900696281 /* CHGCollectionViewEmptyDataShow.m in Sources */,
				8F45865920AAF5AE00C5C136 /* Sample2CollectionViewCell.m in Sources */,
				8FAB169C20A9940F00696281 /* CHGCollectionViewAdapter.m in Sources */,
				8FE94D6F20A41F9000386F56 /* CHGTableViewCell.m in Sources */,
				8FE04AD520A40FFD0038BE0D /* AppDelegate.m in Sources */,
			);
			runOnlyForDeploymentPostprocessing = 0;
		};
		8FE04AE420A40FFE0038BE0D /* Sources */ = {
			isa = PBXSourcesBuildPhase;
			buildActionMask = 2147483647;
			files = (
				8FE04AED20A40FFE0038BE0D /* CHGAdapterTests.m in Sources */,
			);
			runOnlyForDeploymentPostprocessing = 0;
		};
		8FE04AEF20A40FFE0038BE0D /* Sources */ = {
			isa = PBXSourcesBuildPhase;
			buildActionMask = 2147483647;
			files = (
				8FE04AF820A40FFF0038BE0D /* CHGAdapterUITests.m in Sources */,
			);
			runOnlyForDeploymentPostprocessing = 0;
		};
/* End PBXSourcesBuildPhase section */

/* Begin PBXTargetDependency section */
		8FE04AEA20A40FFE0038BE0D /* PBXTargetDependency */ = {
			isa = PBXTargetDependency;
			target = 8FE04ACF20A40FFD0038BE0D /* CHGAdapter */;
			targetProxy = 8FE04AE920A40FFE0038BE0D /* PBXContainerItemProxy */;
		};
		8FE04AF520A40FFF0038BE0D /* PBXTargetDependency */ = {
			isa = PBXTargetDependency;
			target = 8FE04ACF20A40FFD0038BE0D /* CHGAdapter */;
			targetProxy = 8FE04AF420A40FFF0038BE0D /* PBXContainerItemProxy */;
		};
/* End PBXTargetDependency section */

/* Begin PBXVariantGroup section */
		8FE04ADE20A40FFE0038BE0D /* LaunchScreen.storyboard */ = {
			isa = PBXVariantGroup;
			children = (
				8FE04ADF20A40FFE0038BE0D /* Base */,
			);
			name = LaunchScreen.storyboard;
			sourceTree = "<group>";
		};
/* End PBXVariantGroup section */

/* Begin XCBuildConfiguration section */
		8FE04AFA20A40FFF0038BE0D /* Debug */ = {
			isa = XCBuildConfiguration;
			buildSettings = {
				ALWAYS_SEARCH_USER_PATHS = NO;
				CLANG_ANALYZER_NONNULL = YES;
				CLANG_ANALYZER_NUMBER_OBJECT_CONVERSION = YES_AGGRESSIVE;
				CLANG_CXX_LANGUAGE_STANDARD = "gnu++14";
				CLANG_CXX_LIBRARY = "libc++";
				CLANG_ENABLE_MODULES = YES;
				CLANG_ENABLE_OBJC_ARC = YES;
				CLANG_ENABLE_OBJC_WEAK = YES;
				CLANG_WARN_BLOCK_CAPTURE_AUTORELEASING = YES;
				CLANG_WARN_BOOL_CONVERSION = YES;
				CLANG_WARN_COMMA = YES;
				CLANG_WARN_CONSTANT_CONVERSION = YES;
				CLANG_WARN_DEPRECATED_OBJC_IMPLEMENTATIONS = YES;
				CLANG_WARN_DIRECT_OBJC_ISA_USAGE = YES_ERROR;
				CLANG_WARN_DOCUMENTATION_COMMENTS = YES;
				CLANG_WARN_EMPTY_BODY = YES;
				CLANG_WARN_ENUM_CONVERSION = YES;
				CLANG_WARN_INFINITE_RECURSION = YES;
				CLANG_WARN_INT_CONVERSION = YES;
				CLANG_WARN_NON_LITERAL_NULL_CONVERSION = YES;
				CLANG_WARN_OBJC_IMPLICIT_RETAIN_SELF = YES;
				CLANG_WARN_OBJC_LITERAL_CONVERSION = YES;
				CLANG_WARN_OBJC_ROOT_CLASS = YES_ERROR;
				CLANG_WARN_RANGE_LOOP_ANALYSIS = YES;
				CLANG_WARN_STRICT_PROTOTYPES = YES;
				CLANG_WARN_SUSPICIOUS_MOVE = YES;
				CLANG_WARN_UNGUARDED_AVAILABILITY = YES_AGGRESSIVE;
				CLANG_WARN_UNREACHABLE_CODE = YES;
				CLANG_WARN__DUPLICATE_METHOD_MATCH = YES;
				CODE_SIGN_IDENTITY = "iPhone Developer";
				COPY_PHASE_STRIP = NO;
				DEBUG_INFORMATION_FORMAT = dwarf;
				ENABLE_STRICT_OBJC_MSGSEND = YES;
				ENABLE_TESTABILITY = YES;
				GCC_C_LANGUAGE_STANDARD = gnu11;
				GCC_DYNAMIC_NO_PIC = NO;
				GCC_NO_COMMON_BLOCKS = YES;
				GCC_OPTIMIZATION_LEVEL = 0;
				GCC_PREPROCESSOR_DEFINITIONS = (
					"DEBUG=1",
					"$(inherited)",
				);
				GCC_WARN_64_TO_32_BIT_CONVERSION = YES;
				GCC_WARN_ABOUT_RETURN_TYPE = YES_ERROR;
				GCC_WARN_UNDECLARED_SELECTOR = YES;
				GCC_WARN_UNINITIALIZED_AUTOS = YES_AGGRESSIVE;
				GCC_WARN_UNUSED_FUNCTION = YES;
				GCC_WARN_UNUSED_VARIABLE = YES;
				IPHONEOS_DEPLOYMENT_TARGET = 11.3;
				MTL_ENABLE_DEBUG_INFO = YES;
				ONLY_ACTIVE_ARCH = YES;
				SDKROOT = iphoneos;
			};
			name = Debug;
		};
		8FE04AFB20A40FFF0038BE0D /* Release */ = {
			isa = XCBuildConfiguration;
			buildSettings = {
				ALWAYS_SEARCH_USER_PATHS = NO;
				CLANG_ANALYZER_NONNULL = YES;
				CLANG_ANALYZER_NUMBER_OBJECT_CONVERSION = YES_AGGRESSIVE;
				CLANG_CXX_LANGUAGE_STANDARD = "gnu++14";
				CLANG_CXX_LIBRARY = "libc++";
				CLANG_ENABLE_MODULES = YES;
				CLANG_ENABLE_OBJC_ARC = YES;
				CLANG_ENABLE_OBJC_WEAK = YES;
				CLANG_WARN_BLOCK_CAPTURE_AUTORELEASING = YES;
				CLANG_WARN_BOOL_CONVERSION = YES;
				CLANG_WARN_COMMA = YES;
				CLANG_WARN_CONSTANT_CONVERSION = YES;
				CLANG_WARN_DEPRECATED_OBJC_IMPLEMENTATIONS = YES;
				CLANG_WARN_DIRECT_OBJC_ISA_USAGE = YES_ERROR;
				CLANG_WARN_DOCUMENTATION_COMMENTS = YES;
				CLANG_WARN_EMPTY_BODY = YES;
				CLANG_WARN_ENUM_CONVERSION = YES;
				CLANG_WARN_INFINITE_RECURSION = YES;
				CLANG_WARN_INT_CONVERSION = YES;
				CLANG_WARN_NON_LITERAL_NULL_CONVERSION = YES;
				CLANG_WARN_OBJC_IMPLICIT_RETAIN_SELF = YES;
				CLANG_WARN_OBJC_LITERAL_CONVERSION = YES;
				CLANG_WARN_OBJC_ROOT_CLASS = YES_ERROR;
				CLANG_WARN_RANGE_LOOP_ANALYSIS = YES;
				CLANG_WARN_STRICT_PROTOTYPES = YES;
				CLANG_WARN_SUSPICIOUS_MOVE = YES;
				CLANG_WARN_UNGUARDED_AVAILABILITY = YES_AGGRESSIVE;
				CLANG_WARN_UNREACHABLE_CODE = YES;
				CLANG_WARN__DUPLICATE_METHOD_MATCH = YES;
				CODE_SIGN_IDENTITY = "iPhone Developer";
				COPY_PHASE_STRIP = NO;
				DEBUG_INFORMATION_FORMAT = "dwarf-with-dsym";
				ENABLE_NS_ASSERTIONS = NO;
				ENABLE_STRICT_OBJC_MSGSEND = YES;
				GCC_C_LANGUAGE_STANDARD = gnu11;
				GCC_NO_COMMON_BLOCKS = YES;
				GCC_WARN_64_TO_32_BIT_CONVERSION = YES;
				GCC_WARN_ABOUT_RETURN_TYPE = YES_ERROR;
				GCC_WARN_UNDECLARED_SELECTOR = YES;
				GCC_WARN_UNINITIALIZED_AUTOS = YES_AGGRESSIVE;
				GCC_WARN_UNUSED_FUNCTION = YES;
				GCC_WARN_UNUSED_VARIABLE = YES;
				IPHONEOS_DEPLOYMENT_TARGET = 11.3;
				MTL_ENABLE_DEBUG_INFO = NO;
				SDKROOT = iphoneos;
				VALIDATE_PRODUCT = YES;
			};
			name = Release;
		};
		8FE04AFD20A40FFF0038BE0D /* Debug */ = {
			isa = XCBuildConfiguration;
			baseConfigurationReference = E6D62535AB7A68DC337BC3EB /* Pods-CHGAdapter.debug.xcconfig */;
			buildSettings = {
				ASSETCATALOG_COMPILER_APPICON_NAME = AppIcon;
				CODE_SIGN_STYLE = Automatic;
				DEVELOPMENT_TEAM = 5GEGK9VKR7;
				INFOPLIST_FILE = CHGAdapter/Info.plist;
				LD_RUNPATH_SEARCH_PATHS = (
					"$(inherited)",
					"@executable_path/Frameworks",
				);
				PRODUCT_BUNDLE_IDENTIFIER = chg.CHGAdapter;
				PRODUCT_NAME = "$(TARGET_NAME)";
				TARGETED_DEVICE_FAMILY = "1,2";
			};
			name = Debug;
		};
		8FE04AFE20A40FFF0038BE0D /* Release */ = {
			isa = XCBuildConfiguration;
			baseConfigurationReference = 425CFC518C2702DFCE0E4C37 /* Pods-CHGAdapter.release.xcconfig */;
			buildSettings = {
				ASSETCATALOG_COMPILER_APPICON_NAME = AppIcon;
				CODE_SIGN_STYLE = Automatic;
				DEVELOPMENT_TEAM = 5GEGK9VKR7;
				INFOPLIST_FILE = CHGAdapter/Info.plist;
				LD_RUNPATH_SEARCH_PATHS = (
					"$(inherited)",
					"@executable_path/Frameworks",
				);
				PRODUCT_BUNDLE_IDENTIFIER = chg.CHGAdapter;
				PRODUCT_NAME = "$(TARGET_NAME)";
				TARGETED_DEVICE_FAMILY = "1,2";
			};
			name = Release;
		};
		8FE04B0020A40FFF0038BE0D /* Debug */ = {
			isa = XCBuildConfiguration;
			buildSettings = {
				BUNDLE_LOADER = "$(TEST_HOST)";
				CODE_SIGN_STYLE = Automatic;
				INFOPLIST_FILE = CHGAdapterTests/Info.plist;
				LD_RUNPATH_SEARCH_PATHS = (
					"$(inherited)",
					"@executable_path/Frameworks",
					"@loader_path/Frameworks",
				);
				PRODUCT_BUNDLE_IDENTIFIER = chg.CHGAdapterTests;
				PRODUCT_NAME = "$(TARGET_NAME)";
				TARGETED_DEVICE_FAMILY = "1,2";
				TEST_HOST = "$(BUILT_PRODUCTS_DIR)/CHGAdapter.app/CHGAdapter";
			};
			name = Debug;
		};
		8FE04B0120A40FFF0038BE0D /* Release */ = {
			isa = XCBuildConfiguration;
			buildSettings = {
				BUNDLE_LOADER = "$(TEST_HOST)";
				CODE_SIGN_STYLE = Automatic;
				INFOPLIST_FILE = CHGAdapterTests/Info.plist;
				LD_RUNPATH_SEARCH_PATHS = (
					"$(inherited)",
					"@executable_path/Frameworks",
					"@loader_path/Frameworks",
				);
				PRODUCT_BUNDLE_IDENTIFIER = chg.CHGAdapterTests;
				PRODUCT_NAME = "$(TARGET_NAME)";
				TARGETED_DEVICE_FAMILY = "1,2";
				TEST_HOST = "$(BUILT_PRODUCTS_DIR)/CHGAdapter.app/CHGAdapter";
			};
			name = Release;
		};
		8FE04B0320A40FFF0038BE0D /* Debug */ = {
			isa = XCBuildConfiguration;
			buildSettings = {
				CODE_SIGN_STYLE = Automatic;
				INFOPLIST_FILE = CHGAdapterUITests/Info.plist;
				LD_RUNPATH_SEARCH_PATHS = (
					"$(inherited)",
					"@executable_path/Frameworks",
					"@loader_path/Frameworks",
				);
				PRODUCT_BUNDLE_IDENTIFIER = chg.CHGAdapterUITests;
				PRODUCT_NAME = "$(TARGET_NAME)";
				TARGETED_DEVICE_FAMILY = "1,2";
				TEST_TARGET_NAME = CHGAdapter;
			};
			name = Debug;
		};
		8FE04B0420A40FFF0038BE0D /* Release */ = {
			isa = XCBuildConfiguration;
			buildSettings = {
				CODE_SIGN_STYLE = Automatic;
				INFOPLIST_FILE = CHGAdapterUITests/Info.plist;
				LD_RUNPATH_SEARCH_PATHS = (
					"$(inherited)",
					"@executable_path/Frameworks",
					"@loader_path/Frameworks",
				);
				PRODUCT_BUNDLE_IDENTIFIER = chg.CHGAdapterUITests;
				PRODUCT_NAME = "$(TARGET_NAME)";
				TARGETED_DEVICE_FAMILY = "1,2";
				TEST_TARGET_NAME = CHGAdapter;
			};
			name = Release;
		};
/* End XCBuildConfiguration section */

/* Begin XCConfigurationList section */
		8FE04ACB20A40FFD0038BE0D /* Build configuration list for PBXProject "CHGAdapter" */ = {
			isa = XCConfigurationList;
			buildConfigurations = (
				8FE04AFA20A40FFF0038BE0D /* Debug */,
				8FE04AFB20A40FFF0038BE0D /* Release */,
			);
			defaultConfigurationIsVisible = 0;
			defaultConfigurationName = Release;
		};
		8FE04AFC20A40FFF0038BE0D /* Build configuration list for PBXNativeTarget "CHGAdapter" */ = {
			isa = XCConfigurationList;
			buildConfigurations = (
				8FE04AFD20A40FFF0038BE0D /* Debug */,
				8FE04AFE20A40FFF0038BE0D /* Release */,
			);
			defaultConfigurationIsVisible = 0;
			defaultConfigurationName = Release;
		};
		8FE04AFF20A40FFF0038BE0D /* Build configuration list for PBXNativeTarget "CHGAdapterTests" */ = {
			isa = XCConfigurationList;
			buildConfigurations = (
				8FE04B0020A40FFF0038BE0D /* Debug */,
				8FE04B0120A40FFF0038BE0D /* Release */,
			);
			defaultConfigurationIsVisible = 0;
			defaultConfigurationName = Release;
		};
		8FE04B0220A40FFF0038BE0D /* Build configuration list for PBXNativeTarget "CHGAdapterUITests" */ = {
			isa = XCConfigurationList;
			buildConfigurations = (
				8FE04B0320A40FFF0038BE0D /* Debug */,
				8FE04B0420A40FFF0038BE0D /* Release */,
			);
			defaultConfigurationIsVisible = 0;
			defaultConfigurationName = Release;
		};
/* End XCConfigurationList section */
	};
	rootObject = 8FE04AC820A40FFD0038BE0D /* Project object */;
}
